PODS:
  - AMap3DMap (6.6.0):
    - AMapFoundation (~> 1.5)
  - AMapFoundation (1.5.6)

DEPENDENCIES:
  - AMap3DMap

SPEC REPOS:
  https://github.com/cocoapods/specs.git:
    - AMap3DMap
    - AMapFoundation

SPEC CHECKSUMS:
  AMap3DMap: 37425c7d47420cbfaee88328be3dc3781814b999
  AMapFoundation: 20fce2a12cd152e1092afdd04379cdac21932185

PODFILE CHECKSUM: 1724c88680aa5944916db7c4fb471400f11f6526

COCOAPODS: 1.6.1
